
Microsoft Visual Studio Solution File, Format Version 12.00
# Visual Studio 15
VisualStudioVersion = 15.0.28307.329
MinimumVisualStudioVersion = 10.0.40219.1
Project("{FAE04EC0-301F-11D3-BF4B-00C04F79EFBC}") = "s1061461048singer", "s1061461048singer\s1061461048singer.csproj", "{0ABD5234-129E-4C99-91E5-372340A63420}"
EndProject
Global
	GlobalSection(SolutionConfigurationPlatforms) = preSolution
		Debug|Any CPU = Debug|Any CPU
		Release|Any CPU = Release|Any CPU
	EndGlobalSection
	GlobalSection(ProjectConfigurationPlatforms) = postSolution
		{0ABD5234-129E-4C99-91E5-372340A63420}.Debug|Any CPU.ActiveCfg = Debug|Any CPU
		{0ABD5234-129E-4C99-91E5-372340A63420}.Debug|Any CPU.Build.0 = Debug|Any CPU
		{0ABD5234-129E-4C99-91E5-372340A63420}.Release|Any CPU.ActiveCfg = Release|Any CPU
		{0ABD5234-129E-4C99-91E5-372340A63420}.Release|Any CPU.Build.0 = Release|Any CPU
	EndGlobalSection
	GlobalSection(SolutionProperties) = preSolution
		HideSolutionNode = FALSE
	EndGlobalSection
	GlobalSection(ExtensibilityGlobals) = postSolution
		SolutionGuid = {8EC58114-D6E1-47A2-B088-791765425C7B}
	EndGlobalSection
EndGlobal
